// !$*UTF8*$!
{
	archiveVersion = 1;
	classes = {};
	objectVersion = 56;
	objects = {

/* Begin PBXBuildFile section */
		A10000000000000000000001 /* HerdrMobileApp.swift in Sources */ = {isa = PBXBuildFile; fileRef = B10000000000000000000001 /* HerdrMobileApp.swift */; };
		A10000000000000000000002 /* RootView.swift in Sources */ = {isa = PBXBuildFile; fileRef = B10000000000000000000002 /* RootView.swift */; };
		A10000000000000000000003 /* AppModel.swift in Sources */ = {isa = PBXBuildFile; fileRef = B10000000000000000000003 /* AppModel.swift */; };
		A10000000000000000000004 /* OriginNormalizer.swift in Sources */ = {isa = PBXBuildFile; fileRef = B10000000000000000000004 /* OriginNormalizer.swift */; };
		A10000000000000000000005 /* NativeSessionHTTPClient.swift in Sources */ = {isa = PBXBuildFile; fileRef = B10000000000000000000005 /* NativeSessionHTTPClient.swift */; };
		A10000000000000000000006 /* KeychainCredentialStore.swift in Sources */ = {isa = PBXBuildFile; fileRef = B10000000000000000000006 /* KeychainCredentialStore.swift */; };
		A10000000000000000000007 /* OriginDefaultsStore.swift in Sources */ = {isa = PBXBuildFile; fileRef = B10000000000000000000007 /* OriginDefaultsStore.swift */; };
		A10000000000000000000008 /* NativeProtocol.swift in Sources */ = {isa = PBXBuildFile; fileRef = B10000000000000000000009 /* NativeProtocol.swift */; };
		A10000000000000000000009 /* NetworkWebSocketConnection.swift in Sources */ = {isa = PBXBuildFile; fileRef = B10000000000000000000010 /* NetworkWebSocketConnection.swift */; };
/* End PBXBuildFile section */

/* Begin PBXFileReference section */
		B10000000000000000000001 /* HerdrMobileApp.swift */ = {isa = PBXFileReference; lastKnownFileType = sourcecode.swift; path = HerdrMobileApp.swift; sourceTree = "<group>"; };
		B10000000000000000000002 /* RootView.swift */ = {isa = PBXFileReference; lastKnownFileType = sourcecode.swift; path = RootView.swift; sourceTree = "<group>"; };
		B10000000000000000000003 /* AppModel.swift */ = {isa = PBXFileReference; lastKnownFileType = sourcecode.swift; path = AppModel.swift; sourceTree = "<group>"; };
		B10000000000000000000004 /* OriginNormalizer.swift */ = {isa = PBXFileReference; lastKnownFileType = sourcecode.swift; path = OriginNormalizer.swift; sourceTree = "<group>"; };
		B10000000000000000000005 /* NativeSessionHTTPClient.swift */ = {isa = PBXFileReference; lastKnownFileType = sourcecode.swift; path = NativeSessionHTTPClient.swift; sourceTree = "<group>"; };
		B10000000000000000000006 /* KeychainCredentialStore.swift */ = {isa = PBXFileReference; lastKnownFileType = sourcecode.swift; path = KeychainCredentialStore.swift; sourceTree = "<group>"; };
		B10000000000000000000007 /* OriginDefaultsStore.swift */ = {isa = PBXFileReference; lastKnownFileType = sourcecode.swift; path = OriginDefaultsStore.swift; sourceTree = "<group>"; };
		B10000000000000000000008 /* HerdrMobile.app */ = {isa = PBXFileReference; explicitFileType = wrapper.application; includeInIndex = 0; path = HerdrMobile.app; sourceTree = BUILT_PRODUCTS_DIR; };
		B10000000000000000000009 /* NativeProtocol.swift */ = {isa = PBXFileReference; lastKnownFileType = sourcecode.swift; path = NativeProtocol.swift; sourceTree = "<group>"; };
		B10000000000000000000010 /* NetworkWebSocketConnection.swift */ = {isa = PBXFileReference; lastKnownFileType = sourcecode.swift; path = NetworkWebSocketConnection.swift; sourceTree = "<group>"; };
/* End PBXFileReference section */

/* Begin PBXFrameworksBuildPhase section */
		C10000000000000000000001 /* Frameworks */ = {
			isa = PBXFrameworksBuildPhase;
			buildActionMask = 2147483647;
			files = ();
			runOnlyForDeploymentPostprocessing = 0;
		};
/* End PBXFrameworksBuildPhase section */

/* Begin PBXGroup section */
		D10000000000000000000001 = {
			isa = PBXGroup;
			children = (
				D10000000000000000000002 /* HerdrMobile */,
				D10000000000000000000004 /* Products */,
			);
			sourceTree = "<group>";
		};
		D10000000000000000000002 /* HerdrMobile */ = {
			isa = PBXGroup;
			children = (
				B10000000000000000000001 /* HerdrMobileApp.swift */,
				B10000000000000000000002 /* RootView.swift */,
				D10000000000000000000003 /* Core */,
			);
			path = HerdrMobile;
			sourceTree = "<group>";
		};
		D10000000000000000000003 /* Core */ = {
			isa = PBXGroup;
			children = (
				B10000000000000000000003 /* AppModel.swift */,
				B10000000000000000000004 /* OriginNormalizer.swift */,
				B10000000000000000000005 /* NativeSessionHTTPClient.swift */,
				B10000000000000000000006 /* KeychainCredentialStore.swift */,
				B10000000000000000000007 /* OriginDefaultsStore.swift */,
				B10000000000000000000009 /* NativeProtocol.swift */,
				B10000000000000000000010 /* NetworkWebSocketConnection.swift */,
			);
			path = Core;
			sourceTree = "<group>";
		};
		D10000000000000000000004 /* Products */ = {
			isa = PBXGroup;
			children = (
				B10000000000000000000008 /* HerdrMobile.app */,
			);
			name = Products;
			sourceTree = "<group>";
		};
/* End PBXGroup section */

/* Begin PBXNativeTarget section */
		E10000000000000000000001 /* HerdrMobile */ = {
			isa = PBXNativeTarget;
			buildConfigurationList = F10000000000000000000002 /* Build configuration list for PBXNativeTarget "HerdrMobile" */;
			buildPhases = (
				C10000000000000000000002 /* Sources */,
				C10000000000000000000001 /* Frameworks */,
				C10000000000000000000003 /* Resources */,
			);
			buildRules = ();
			dependencies = ();
			name = HerdrMobile;
			productName = HerdrMobile;
			productReference = B10000000000000000000008 /* HerdrMobile.app */;
			productType = "com.apple.product-type.application";
		};
/* End PBXNativeTarget section */

/* Begin PBXProject section */
		E10000000000000000000002 /* Project object */ = {
			isa = PBXProject;
			attributes = {
				BuildIndependentTargetsInParallel = 1;
				LastSwiftUpdateCheck = 2600;
				LastUpgradeCheck = 2600;
				TargetAttributes = {
					E10000000000000000000001 = { CreatedOnToolsVersion = 26.0; };
				};
			};
			buildConfigurationList = F10000000000000000000001 /* Build configuration list for PBXProject "HerdrMobile" */;
			compatibilityVersion = "Xcode 14.0";
			developmentRegion = en;
			hasScannedForEncodings = 0;
			knownRegions = (en, Base);
			mainGroup = D10000000000000000000001;
			productRefGroup = D10000000000000000000004 /* Products */;
			projectDirPath = "";
			projectRoot = "";
			targets = (E10000000000000000000001 /* HerdrMobile */);
		};
/* End PBXProject section */

/* Begin PBXResourcesBuildPhase section */
		C10000000000000000000003 /* Resources */ = {
			isa = PBXResourcesBuildPhase;
			buildActionMask = 2147483647;
			files = ();
			runOnlyForDeploymentPostprocessing = 0;
		};
/* End PBXResourcesBuildPhase section */

/* Begin PBXSourcesBuildPhase section */
		C10000000000000000000002 /* Sources */ = {
			isa = PBXSourcesBuildPhase;
			buildActionMask = 2147483647;
			files = (
				A10000000000000000000001 /* HerdrMobileApp.swift in Sources */,
				A10000000000000000000002 /* RootView.swift in Sources */,
				A10000000000000000000003 /* AppModel.swift in Sources */,
				A10000000000000000000004 /* OriginNormalizer.swift in Sources */,
				A10000000000000000000005 /* NativeSessionHTTPClient.swift in Sources */,
				A10000000000000000000006 /* KeychainCredentialStore.swift in Sources */,
				A10000000000000000000007 /* OriginDefaultsStore.swift in Sources */,
				A10000000000000000000008 /* NativeProtocol.swift in Sources */,
				A10000000000000000000009 /* NetworkWebSocketConnection.swift in Sources */,
			);
			runOnlyForDeploymentPostprocessing = 0;
		};
/* End PBXSourcesBuildPhase section */

/* Begin XCBuildConfiguration section */
		F10000000000000000000003 /* Debug */ = {isa = XCBuildConfiguration; buildSettings = {CLANG_ENABLE_MODULES = YES; SWIFT_VERSION = 6.0;}; name = Debug;};
		F10000000000000000000004 /* Release */ = {isa = XCBuildConfiguration; buildSettings = {CLANG_ENABLE_MODULES = YES; SWIFT_COMPILATION_MODE = wholemodule; SWIFT_VERSION = 6.0;}; name = Release;};
		F10000000000000000000005 /* Debug */ = {
			isa = XCBuildConfiguration;
			buildSettings = {
				CODE_SIGN_STYLE = Automatic;
				CURRENT_PROJECT_VERSION = 1;
				DEVELOPMENT_TEAM = "";
				GENERATE_INFOPLIST_FILE = YES;
				INFOPLIST_KEY_CFBundleDisplayName = "Herdr Mobile";
				INFOPLIST_KEY_UIApplicationSceneManifest_Generation = YES;
				INFOPLIST_KEY_UIApplicationSupportsIndirectInputEvents = YES;
				INFOPLIST_KEY_UILaunchScreen_Generation = YES;
				IPHONEOS_DEPLOYMENT_TARGET = 26.0;
				MARKETING_VERSION = 0.1.0;
				PRODUCT_BUNDLE_IDENTIFIER = com.v2naix.herdrmobile;
				PRODUCT_NAME = "$(TARGET_NAME)";
				SDKROOT = iphoneos;
				SUPPORTED_PLATFORMS = "iphoneos iphonesimulator";
				SWIFT_EMIT_LOC_STRINGS = YES;
				SWIFT_VERSION = 6.0;
				TARGETED_DEVICE_FAMILY = 1;
			};
			name = Debug;
		};
		F10000000000000000000006 /* Release */ = {
			isa = XCBuildConfiguration;
			buildSettings = {
				CODE_SIGN_STYLE = Automatic;
				CURRENT_PROJECT_VERSION = 1;
				DEVELOPMENT_TEAM = "";
				GENERATE_INFOPLIST_FILE = YES;
				INFOPLIST_KEY_CFBundleDisplayName = "Herdr Mobile";
				INFOPLIST_KEY_UIApplicationSceneManifest_Generation = YES;
				INFOPLIST_KEY_UIApplicationSupportsIndirectInputEvents = YES;
				INFOPLIST_KEY_UILaunchScreen_Generation = YES;
				IPHONEOS_DEPLOYMENT_TARGET = 26.0;
				MARKETING_VERSION = 0.1.0;
				PRODUCT_BUNDLE_IDENTIFIER = com.v2naix.herdrmobile;
				PRODUCT_NAME = "$(TARGET_NAME)";
				SDKROOT = iphoneos;
				SUPPORTED_PLATFORMS = "iphoneos iphonesimulator";
				SWIFT_EMIT_LOC_STRINGS = YES;
				SWIFT_VERSION = 6.0;
				TARGETED_DEVICE_FAMILY = 1;
			};
			name = Release;
		};
/* End XCBuildConfiguration section */

/* Begin XCConfigurationList section */
		F10000000000000000000001 /* Build configuration list for PBXProject "HerdrMobile" */ = {isa = XCConfigurationList; buildConfigurations = (F10000000000000000000003 /* Debug */, F10000000000000000000004 /* Release */); defaultConfigurationIsVisible = 0; defaultConfigurationName = Release;};
		F10000000000000000000002 /* Build configuration list for PBXNativeTarget "HerdrMobile" */ = {isa = XCConfigurationList; buildConfigurations = (F10000000000000000000005 /* Debug */, F10000000000000000000006 /* Release */); defaultConfigurationIsVisible = 0; defaultConfigurationName = Release;};
/* End XCConfigurationList section */
	};
	rootObject = E10000000000000000000002 /* Project object */;
}
